lockfileVersion: '9.0'

settings:
  autoInstallPeers: true
  excludeLinksFromLockfile: false

catalogs:
  build:
    esbuild:
      specifier: ^0.19.3
      version: 0.19.3
    typescript:
      specifier: ^5.3.3
      version: 5.8.2
  default:
    '@moonlight-mod/lunast':
      specifier: ^1.0.1
      version: 1.0.1
    '@moonlight-mod/moonmap':
      specifier: ^1.0.7
      version: 1.0.7
    '@zenfs/core':
      specifier: ^2.0.0
      version: 2.0.0
    '@zenfs/dom':
      specifier: ^1.1.3
      version: 1.1.6
    microdiff:
      specifier: ^1.5.0
      version: 1.5.0
    nanotar:
      specifier: ^0.1.1
      version: 0.1.1
  lint:
    '@biomejs/biome':
      specifier: 2.3.14
      version: 2.3.14
    husky:
      specifier: ^8.0.3
      version: 8.0.3
  types:
    '@types/chroma-js':
      specifier: ^3.1.0
      version: 3.1.2
    '@types/chrome':
      specifier: ^0.0.313
      version: 0.0.313
    '@types/flux':
      specifier: ^3.1.14
      version: 3.1.15
    '@types/highlightjs':
      specifier: ^9.12.6
      version: 9.12.6
    '@types/lodash':
      specifier: ^4.17.14
      version: 4.17.23
    '@types/node':
      specifier: 22.14.0
      version: 22.14.0
    '@types/platform':
      specifier: ^1.3.6
      version: 1.3.6
    '@types/react':
      specifier: ^19.0.0
      version: 19.1.2
    csstype:
      specifier: ^3.1.3
      version: 3.1.3
    standalone-electron-types:
      specifier: ^1.0.0
      version: 1.0.0
    zustand:
      specifier: ^5.0.3
      version: 5.0.10

importers:

  .:
    devDependencies:
      '@biomejs/biome':
        specifier: catalog:lint
        version: 2.3.14
      husky:
        specifier: catalog:lint
        version: 8.0.3

  packages/browser:
    dependencies:
      '@moonlight-mod/core':
        specifier: workspace:*
        version: link:../core
      '@moonlight-mod/types':
        specifier: workspace:*
        version: link:../types
      '@moonlight-mod/web-preload':
        specifier: workspace:*
        version: link:../web-preload
      '@zenfs/core':
        specifier: 'catalog:'
        version: 2.0.0
      '@zenfs/dom':
        specifier: 'catalog:'
        version: 1.1.6(@zenfs/core@2.0.0)(utilium@1.10.1)
    devDependencies:
      '@moonlight-mod/esbuild-config':
        specifier: workspace:*
        version: link:../esbuild-config
      '@types/chrome':
        specifier: catalog:types
        version: 0.0.313
      '@types/node':
        specifier: catalog:types
        version: 22.14.0
      esbuild:
        specifier: catalog:build
        version: 0.19.3
      typescript:
        specifier: catalog:build
        version: 5.8.2

  packages/core:
    dependencies:
      '@moonlight-mod/types':
        specifier: workspace:*
        version: link:../types
    devDependencies:
      typescript:
        specifier: catalog:build
        version: 5.8.2

  packages/core-extensions:
    dependencies:
      '@moonlight-mod/core':
        specifier: workspace:*
        version: link:../core
      '@moonlight-mod/types':
        specifier: workspace:*
        version: link:../types
      microdiff:
        specifier: 'catalog:'
        version: 1.5.0
      nanotar:
        specifier: 'catalog:'
        version: 0.1.1
    devDependencies:
      '@moonlight-mod/esbuild-config':
        specifier: workspace:*
        version: link:../esbuild-config
      esbuild:
        specifier: catalog:build
        version: 0.19.3
      typescript:
        specifier: catalog:build
        version: 5.8.2

  packages/esbuild-config:
    devDependencies:
      '@types/node':
        specifier: catalog:types
        version: 22.14.0
      esbuild:
        specifier: catalog:build
        version: 0.19.3
      typescript:
        specifier: catalog:build
        version: 5.8.2

  packages/injector:
    dependencies:
      '@moonlight-mod/core':
        specifier: workspace:*
        version: link:../core
      '@moonlight-mod/types':
        specifier: workspace:*
        version: link:../types
    devDependencies:
      '@moonlight-mod/esbuild-config':
        specifier: workspace:*
        version: link:../esbuild-config
      esbuild:
        specifier: catalog:build
        version: 0.19.3
      typescript:
        specifier: catalog:build
        version: 5.8.2

  packages/mappings:
    dependencies:
      '@moonlight-mod/lunast':
        specifier: 'catalog:'
        version: 1.0.1
      '@moonlight-mod/moonmap':
        specifier: 'catalog:'
        version: 1.0.7
      '@types/chroma-js':
        specifier: catalog:types
        version: 3.1.2
      '@types/flux':
        specifier: catalog:types
        version: 3.1.15
      '@types/highlightjs':
        specifier: catalog:types
        version: 9.12.6
      '@types/lodash':
        specifier: catalog:types
        version: 4.17.23
      '@types/platform':
        specifier: catalog:types
        version: 1.3.6
      '@types/react':
        specifier: catalog:types
        version: 19.1.2
      csstype:
        specifier: catalog:types
        version: 3.1.3
      zustand:
        specifier: catalog:types
        version: 5.0.10(@types/react@19.1.2)
    devDependencies:
      typescript:
        specifier: catalog:build
        version: 5.8.2

  packages/node-preload:
    dependencies:
      '@moonlight-mod/core':
        specifier: workspace:*
        version: link:../core
      '@moonlight-mod/types':
        specifier: workspace:*
        version: link:../types
    devDependencies:
      '@moonlight-mod/esbuild-config':
        specifier: workspace:*
        version: link:../esbuild-config
      esbuild:
        specifier: catalog:build
        version: 0.19.3
      typescript:
        specifier: catalog:build
        version: 5.8.2

  packages/types:
    dependencies:
      '@moonlight-mod/lunast':
        specifier: 'catalog:'
        version: 1.0.1
      '@moonlight-mod/mappings':
        specifier: workspace:*
        version: link:../mappings
      '@moonlight-mod/moonmap':
        specifier: 'catalog:'
        version: 1.0.7
      '@types/node':
        specifier: catalog:types
        version: 22.14.0
      '@types/react':
        specifier: catalog:types
        version: 19.1.2
      csstype:
        specifier: catalog:types
        version: 3.1.3
      standalone-electron-types:
        specifier: catalog:types
        version: 1.0.0
    devDependencies:
      typescript:
        specifier: catalog:build
        version: 5.8.2

  packages/web-preload:
    dependencies:
      '@moonlight-mod/core':
        specifier: workspace:*
        version: link:../core
      '@moonlight-mod/lunast':
        specifier: 'catalog:'
        version: 1.0.1
      '@moonlight-mod/mappings':
        specifier: workspace:*
        version: link:../mappings
      '@moonlight-mod/moonmap':
        specifier: 'catalog:'
        version: 1.0.7
      '@moonlight-mod/types':
        specifier: workspace:*
        version: link:../types
    devDependencies:
      '@moonlight-mod/esbuild-config':
        specifier: workspace:*
        version: link:../esbuild-config
      esbuild:
        specifier: catalog:build
        version: 0.19.3
      typescript:
        specifier: catalog:build
        version: 5.8.2

packages:

  '@biomejs/biome@2.3.14':
    resolution: {integrity: sha512-QMT6QviX0WqXJCaiqVMiBUCr5WRQ1iFSjvOLoTk6auKukJMvnMzWucXpwZB0e8F00/1/BsS9DzcKgWH+CLqVuA==}
    engines: {node: '>=14.21.3'}
    hasBin: true

  '@biomejs/cli-darwin-arm64@2.3.14':
    resolution: {integrity: sha512-UJGPpvWJMkLxSRtpCAKfKh41Q4JJXisvxZL8ChN1eNW3m/WlPFJ6EFDCE7YfUb4XS8ZFi3C1dFpxUJ0Ety5n+A==}
    engines: {node: '>=14.21.3'}
    cpu: [arm64]
    os: [darwin]

  '@biomejs/cli-darwin-x64@2.3.14':
    resolution: {integrity: sha512-PNkLNQG6RLo8lG7QoWe/hhnMxJIt1tEimoXpGQjwS/dkdNiKBLPv4RpeQl8o3s1OKI3ZOR5XPiYtmbGGHAOnLA==}
    engines: {node: '>=14.21.3'}
    cpu: [x64]
    os: [darwin]

  '@biomejs/cli-linux-arm64-musl@2.3.14':
    resolution: {integrity: sha512-LInRbXhYujtL3sH2TMCH/UBwJZsoGwfQjBrMfl84CD4hL/41C/EU5mldqf1yoFpsI0iPWuU83U+nB2TUUypWeg==}
    engines: {node: '>=14.21.3'}
    cpu: [arm64]
    os: [linux]

  '@biomejs/cli-linux-arm64@2.3.14':
    resolution: {integrity: sha512-KT67FKfzIw6DNnUNdYlBg+eU24Go3n75GWK6NwU4+yJmDYFe9i/MjiI+U/iEzKvo0g7G7MZqoyrhIYuND2w8QQ==}
    engines: {node: '>=14.21.3'}
    cpu: [arm64]
    os: [linux]

  '@biomejs/cli-linux-x64-musl@2.3.14':
    resolution: {integrity: sha512-KQU7EkbBBuHPW3/rAcoiVmhlPtDSGOGRPv9js7qJVpYTzjQmVR+C9Rfcz+ti8YCH+zT1J52tuBybtP4IodjxZQ==}
    engines: {node: '>=14.21.3'}
    cpu: [x64]
    os: [linux]

  '@biomejs/cli-linux-x64@2.3.14':
    resolution: {integrity: sha512-ZsZzQsl9U+wxFrGGS4f6UxREUlgHwmEfu1IrXlgNFrNnd5Th6lIJr8KmSzu/+meSa9f4rzFrbEW9LBBA6ScoMA==}
    engines: {node: '>=14.21.3'}
    cpu: [x64]
    os: [linux]

  '@biomejs/cli-win32-arm64@2.3.14':
    resolution: {integrity: sha512-+IKYkj/pUBbnRf1G1+RlyA3LWiDgra1xpS7H2g4BuOzzRbRB+hmlw0yFsLprHhbbt7jUzbzAbAjK/Pn0FDnh1A==}
    engines: {node: '>=14.21.3'}
    cpu: [arm64]
    os: [win32]

  '@biomejs/cli-win32-x64@2.3.14':
    resolution: {integrity: sha512-oizCjdyQ3WJEswpb3Chdngeat56rIdSYK12JI3iI11Mt5T5EXcZ7WLuowzEaFPNJ3zmOQFliMN8QY1Pi+qsfdQ==}
    engines: {node: '>=14.21.3'}
    cpu: [x64]
    os: [win32]

  '@esbuild/android-arm64@0.19.3':
    resolution: {integrity: sha512-w+Akc0vv5leog550kjJV9Ru+MXMR2VuMrui3C61mnysim0gkFCPOUTAfzTP0qX+HpN9Syu3YA3p1hf3EPqObRw==}
    engines: {node: '>=12'}
    cpu: [arm64]
    os: [android]

  '@esbuild/android-arm@0.19.3':
    resolution: {integrity: sha512-Lemgw4io4VZl9GHJmjiBGzQ7ONXRfRPHcUEerndjwiSkbxzrpq0Uggku5MxxrXdwJ+pTj1qyw4jwTu7hkPsgIA==}
    engines: {node: '>=12'}
    cpu: [arm]
    os: [android]

  '@esbuild/android-x64@0.19.3':
    resolution: {integrity: sha512-FKQJKkK5MXcBHoNZMDNUAg1+WcZlV/cuXrWCoGF/TvdRiYS4znA0m5Il5idUwfxrE20bG/vU1Cr5e1AD6IEIjQ==}
    engines: {node: '>=12'}
    cpu: [x64]
    os: [android]

  '@esbuild/darwin-arm64@0.19.3':
    resolution: {integrity: sha512-kw7e3FXU+VsJSSSl2nMKvACYlwtvZB8RUIeVShIEY6PVnuZ3c9+L9lWB2nWeeKWNNYDdtL19foCQ0ZyUL7nqGw==}
    engines: {node: '>=12'}
    cpu: [arm64]
    os: [darwin]

  '@esbuild/darwin-x64@0.19.3':
    resolution: {integrity: sha512-tPfZiwF9rO0jW6Jh9ipi58N5ZLoSjdxXeSrAYypy4psA2Yl1dAMhM71KxVfmjZhJmxRjSnb29YlRXXhh3GqzYw==}
    engines: {node: '>=12'}
    cpu: [x64]
    os: [darwin]

  '@esbuild/freebsd-arm64@0.19.3':
    resolution: {integrity: sha512-ERDyjOgYeKe0Vrlr1iLrqTByB026YLPzTytDTz1DRCYM+JI92Dw2dbpRHYmdqn6VBnQ9Bor6J8ZlNwdZdxjlSg==}
    engines: {node: '>=12'}
    cpu: [arm64]
    os: [freebsd]

  '@esbuild/freebsd-x64@0.19.3':
    resolution: {integrity: sha512-nXesBZ2Ad1qL+Rm3crN7NmEVJ5uvfLFPLJev3x1j3feCQXfAhoYrojC681RhpdOph8NsvKBBwpYZHR7W0ifTTA==}
    engines: {node: '>=12'}
    cpu: [x64]
    os: [freebsd]

  '@esbuild/linux-arm64@0.19.3':
    resolution: {integrity: sha512-qXvYKmXj8GcJgWq3aGvxL/JG1ZM3UR272SdPU4QSTzD0eymrM7leiZH77pvY3UetCy0k1xuXZ+VPvoJNdtrsWQ==}
    engines: {node: '>=12'}
    cpu: [arm64]
    os: [linux]

  '@esbuild/linux-arm@0.19.3':
    resolution: {integrity: sha512-zr48Cg/8zkzZCzDHNxXO/89bf9e+r4HtzNUPoz4GmgAkF1gFAFmfgOdCbR8zMbzFDGb1FqBBhdXUpcTQRYS1cQ==}
    engines: {node: '>=12'}
    cpu: [arm]
    os: [linux]

  '@esbuild/linux-ia32@0.19.3':
    resolution: {integrity: sha512-7XlCKCA0nWcbvYpusARWkFjRQNWNGlt45S+Q18UeS///K6Aw8bB2FKYe9mhVWy/XLShvCweOLZPrnMswIaDXQA==}
    engines: {node: '>=12'}
    cpu: [ia32]
    os: [linux]

  '@esbuild/linux-loong64@0.19.3':
    resolution: {integrity: sha512-qGTgjweER5xqweiWtUIDl9OKz338EQqCwbS9c2Bh5jgEH19xQ1yhgGPNesugmDFq+UUSDtWgZ264st26b3de8A==}
    engines: {node: '>=12'}
    cpu: [loong64]
    os: [linux]

  '@esbuild/linux-mips64el@0.19.3':
    resolution: {integrity: sha512-gy1bFskwEyxVMFRNYSvBauDIWNggD6pyxUksc0MV9UOBD138dKTzr8XnM2R4mBsHwVzeuIH8X5JhmNs2Pzrx+A==}
    engines: {node: '>=12'}
    cpu: [mips64el]
    os: [linux]

  '@esbuild/linux-ppc64@0.19.3':
    resolution: {integrity: sha512-UrYLFu62x1MmmIe85rpR3qou92wB9lEXluwMB/STDzPF9k8mi/9UvNsG07Tt9AqwPQXluMQ6bZbTzYt01+Ue5g==}
    engines: {node: '>=12'}
    cpu: [ppc64]
    os: [linux]

  '@esbuild/linux-riscv64@0.19.3':
    resolution: {integrity: sha512-9E73TfyMCbE+1AwFOg3glnzZ5fBAFK4aawssvuMgCRqCYzE0ylVxxzjEfut8xjmKkR320BEoMui4o/t9KA96gA==}
    engines: {node: '>=12'}
    cpu: [riscv64]
    os: [linux]

  '@esbuild/linux-s390x@0.19.3':
    resolution: {integrity: sha512-LlmsbuBdm1/D66TJ3HW6URY8wO6IlYHf+ChOUz8SUAjVTuaisfuwCOAgcxo3Zsu3BZGxmI7yt//yGOxV+lHcEA==}
    engines: {node: '>=12'}
    cpu: [s390x]
    os: [linux]

  '@esbuild/linux-x64@0.19.3':
    resolution: {integrity: sha512-ogV0+GwEmvwg/8ZbsyfkYGaLACBQWDvO0Kkh8LKBGKj9Ru8VM39zssrnu9Sxn1wbapA2qNS6BiLdwJZGouyCwQ==}
    engines: {node: '>=12'}
    cpu: [x64]
    os: [linux]

  '@esbuild/netbsd-x64@0.19.3':
    resolution: {integrity: sha512-o1jLNe4uzQv2DKXMlmEzf66Wd8MoIhLNO2nlQBHLtWyh2MitDG7sMpfCO3NTcoTMuqHjfufgUQDFRI5C+xsXQw==}
    engines: {node: '>=12'}
    cpu: [x64]
    os: [netbsd]

  '@esbuild/openbsd-x64@0.19.3':
    resolution: {integrity: sha512-AZJCnr5CZgZOdhouLcfRdnk9Zv6HbaBxjcyhq0StNcvAdVZJSKIdOiPB9az2zc06ywl0ePYJz60CjdKsQacp5Q==}
    engines: {node: '>=12'}
    cpu: [x64]
    os: [openbsd]

  '@esbuild/sunos-x64@0.19.3':
    resolution: {integrity: sha512-Acsujgeqg9InR4glTRvLKGZ+1HMtDm94ehTIHKhJjFpgVzZG9/pIcWW/HA/DoMfEyXmANLDuDZ2sNrWcjq1lxw==}
    engines: {node: '>=12'}
    cpu: [x64]
    os: [sunos]

  '@esbuild/win32-arm64@0.19.3':
    resolution: {integrity: sha512-FSrAfjVVy7TifFgYgliiJOyYynhQmqgPj15pzLyJk8BUsnlWNwP/IAy6GAiB1LqtoivowRgidZsfpoYLZH586A==}
    engines: {node: '>=12'}
    cpu: [arm64]
    os: [win32]

  '@esbuild/win32-ia32@0.19.3':
    resolution: {integrity: sha512-xTScXYi12xLOWZ/sc5RBmMN99BcXp/eEf7scUC0oeiRoiT5Vvo9AycuqCp+xdpDyAU+LkrCqEpUS9fCSZF8J3Q==}
    engines: {node: '>=12'}
    cpu: [ia32]
    os: [win32]

  '@esbuild/win32-x64@0.19.3':
    resolution: {integrity: sha512-FbUN+0ZRXsypPyWE2IwIkVjDkDnJoMJARWOcFZn4KPPli+QnKqF0z1anvfaYe3ev5HFCpRDLLBDHyOALLppWHw==}
    engines: {node: '>=12'}
    cpu: [x64]
    os: [win32]

  '@moonlight-mod/lunast@1.0.1':
    resolution: {integrity: sha512-K3vxzDlfFuYKjciIW2FMlcZ1qrrkAGDGpSBlNqYGtJ0sMt9bRCd2lpSpg6AX/giSljDtmAUXa/5mOfUoDQxjBA==}

  '@moonlight-mod/moonmap@1.0.7':
    resolution: {integrity: sha512-K4TXEHYPgAtPjWSPWtO9+jzs7+/OYAF1GGkh1BtXrkeVT8vEFlNMztbZYy+N0bJLWzwytS4mrheMdSaBfJw6fw==}
    engines: {node: '>=22', npm: pnpm, pnpm: '>=10', yarn: pnpm}

  '@types/chroma-js@3.1.2':
    resolution: {integrity: sha512-YBTQqArPN8A0niHXCwrO1z5x++a+6l0mLBykncUpr23oIPW7L4h39s6gokdK/bDrPmSh8+TjMmrhBPnyiaWPmQ==}

  '@types/chrome@0.0.313':
    resolution: {integrity: sha512-9R5T7gTaYZhkxlu+Ho4wk9FL+y/werWQY2yjGWSqCuiTsqS7nL/BE5UMTP6rU7J+oIG2FRKqrEycHhJATeltVA==}

  '@types/estree-jsx@1.0.5':
    resolution: {integrity: sha512-52CcUVNFyfb1A2ALocQw/Dd1BQFNmSdkuC3BkZ6iqhdMfQz7JWOFRuJFloOzjk+6WijU56m9oKXFAXc7o3Towg==}

  '@types/estree@1.0.7':
    resolution: {integrity: sha512-w28IoSUCJpidD/TGviZwwMJckNESJZXFu7NBZ5YJ4mEUnNraUn9Pm8HSZm/jDF1pDWYKspWE7oVphigUPRakIQ==}

  '@types/fbemitter@2.0.35':
    resolution: {integrity: sha512-Xem6d7qUfmouCHntCrRYgDBwbf+WWRd6G+7WEFlEZFZ67LZXiYRvT2LV8wcZa6mIaAil95+ABQdKgB6hPIsnng==}

  '@types/filesystem@0.0.36':
    resolution: {integrity: sha512-vPDXOZuannb9FZdxgHnqSwAG/jvdGM8Wq+6N4D/d80z+D4HWH+bItqsZaVRQykAn6WEVeEkLm2oQigyHtgb0RA==}

  '@types/filewriter@0.0.33':
    resolution: {integrity: sha512-xFU8ZXTw4gd358lb2jw25nxY9QAgqn2+bKKjKOYfNCzN4DKCFetK7sPtrlpg66Ywe3vWY9FNxprZawAh9wfJ3g==}

  '@types/flux@3.1.15':
    resolution: {integrity: sha512-CfmpQUUh7y0hFhrekHoBGZiVX7V5UCNvxUsTqBMA/JOyO72Vh2pGIID/i0YEfLAVx4yAzAhlmTUlgFNVjZF5UQ==}

  '@types/har-format@1.2.16':
    resolution: {integrity: sha512-fluxdy7ryD3MV6h8pTfTYpy/xQzCFC7m89nOH9y94cNqJ1mDIDPut7MnRHI3F6qRmh/cT2fUjG1MLdCNb4hE9A==}

  '@types/highlightjs@9.12.6':
    resolution: {integrity: sha512-Qfd1DUrwE851Hc3tExADJY4qY8yeZMt06Xw9AJm/UtpneepJS3MZY29c33BY0wP899veaaHD4gZzYiSuQm84Fg==}

  '@types/lodash@4.17.23':
    resolution: {integrity: sha512-RDvF6wTulMPjrNdCoYRC8gNR880JNGT8uB+REUpC2Ns4pRqQJhGz90wh7rgdXDPpCczF3VGktDuFGVnz8zP7HA==}

  '@types/node@18.17.17':
    resolution: {integrity: sha512-cOxcXsQ2sxiwkykdJqvyFS+MLQPLvIdwh5l6gNg8qF6s+C7XSkEWOZjK+XhUZd+mYvHV/180g2cnCcIl4l06Pw==}

  '@types/node@22.13.6':
    resolution: {integrity: sha512-GYmF65GI7417CpZXsEXMjT8goQQDnpRnJnDw6jIYa+le3V/lMazPZ4vZmK1B/9R17fh2VLr2zuy9d/h5xgrLAg==}

  '@types/node@22.14.0':
    resolution: {integrity: sha512-Kmpl+z84ILoG+3T/zQFyAJsU6EPTmOCj8/2+83fSN6djd6I4o7uOuGIH6vq3PrjY5BGitSbFuMN18j3iknubbA==}

  '@types/platform@1.3.6':
    resolution: {integrity: sha512-ZmSaqHuvzv+jC232cFoz2QqPUkaj6EvMmCrWcx3WRr7xTPVFCMUOTcOq8m2d+Zw1iKRc1kDiaA+jtNrV0hkVew==}

  '@types/react@19.1.2':
    resolution: {integrity: sha512-oxLPMytKchWGbnQM9O7D67uPa9paTNxO7jVoNMXgkkErULBPhPARCfkKL9ytcIJJRGjbsVwW4ugJzyFFvm/Tiw==}

  '@xterm/xterm@5.5.0':
    resolution: {integrity: sha512-hqJHYaQb5OptNunnyAnkHyM8aCjZ1MEIDTQu1iIbbTD/xops91NB5yq1ZK/dC2JDbVWtF23zUtl9JE2NqwT87A==}

  '@zenfs/core@2.0.0':
    resolution: {integrity: sha512-wOKNFTY1DJ1vdLqKdU7M8cRh0nVYZcDVu7WHuk/3u49hrSwTZVm4PzGxJUjFd8O9Wi3U5nYTbZoN7RX5mS2ldA==}
    engines: {node: '>= 18'}
    hasBin: true

  '@zenfs/dom@1.1.6':
    resolution: {integrity: sha512-7SBTWgA0esuEv/TE+N/xk6W/XJf8uBF+LhlPNHQdXds0H7aOy/UYsWv/8glvARe+meDMMidoeWFLzUWoMXfjlA==}
    engines: {node: '>= 18'}
    peerDependencies:
      '@zenfs/core': ^2.0.0
      utilium: ^1.9.0

  abort-controller@3.0.0:
    resolution: {integrity: sha512-h8lQ8tacZYnR3vNQTgibj+tODHI5/+l06Au2Pcriv/Gmet0eaj4TwWH41sO9wnHDiQsEj19q0drzdWdeAHtweg==}
    engines: {node: '>=6.5'}

  astring@1.9.0:
    resolution: {integrity: sha512-LElXdjswlqjWrPpJFg1Fx4wpkOCxj1TDHlSV4PlaRxHGWko024xICaa97ZkMfs6DRKlCguiAI+rbXv5GWwXIkg==}
    hasBin: true

  base64-js@1.5.1:
    resolution: {integrity: sha512-AKpaYlHn8t4SVbOHCy+b5+KKgvR4vrsD8vbvrbiQJps7fKDTkjkDry6ji0rUJjC0kzbNePLwzxq8iypo41qeWA==}

  buffer@6.0.3:
    resolution: {integrity: sha512-FTiCpNxtwiZZHEZbcbTIcZjERVICn9yq/pDFkTl95/AxzD1naBctN7YO68riM/gLSDY7sdrMby8hofADYuuqOA==}

  csstype@3.1.3:
    resolution: {integrity: sha512-M1uQkMl8rQK/szD0LNhtqxIPLpimGm8sOBwU7lLnCpSbTyY3yeU1Vc7l4KT5zT4s/yOxHH5O7tIuuLOCnLADRw==}

  esbuild@0.19.3:
    resolution: {integrity: sha512-UlJ1qUUA2jL2nNib1JTSkifQTcYTroFqRjwCFW4QYEKEsixXD5Tik9xML7zh2gTxkYTBKGHNH9y7txMwVyPbjw==}
    engines: {node: '>=12'}
    hasBin: true

  estree-toolkit@1.7.8:
    resolution: {integrity: sha512-v0Q0L+0agSDFe3x9Sj7aAzrI9afvsfr5r7AM2SNk/8bKYRQ3tUf4PQEUWe99LkWysmT1PsuSpW+W1w/xZmCKeg==}

  event-target-shim@5.0.1:
    resolution: {integrity: sha512-i/2XbnSz/uxRCU6+NdVJgKWDTM427+MqYbkQzD321DuCQJUqOuJKIA0IM2+W2xtYHdKOmZ4dR6fExsd4SXL+WQ==}
    engines: {node: '>=6'}

  eventemitter3@5.0.1:
    resolution: {integrity: sha512-GWkBvjiSZK87ELrYOSESUYeVIc9mvLLf/nXalMOS5dYrgZq9o5OVkbZAVM06CVxYsCwH9BDZFPlQTlPA1j4ahA==}

  events@3.3.0:
    resolution: {integrity: sha512-mQw+2fkQbALzQ7V0MY0IqdnXNOeTtP4r0lN9z7AAawCXgqea7bDii20AYrIBrFd/Hx0M2Ocz6S111CaFkUcb0Q==}
    engines: {node: '>=0.8.x'}

  husky@8.0.3:
    resolution: {integrity: sha512-+dQSyqPh4x1hlO1swXBiNb2HzTDN1I2IGLQx1GrBuiqFJfoMrnZWwVmatvSiO+Iz8fBUnf+lekwNo4c2LlXItg==}
    engines: {node: '>=14'}
    hasBin: true

  ieee754@1.2.1:
    resolution: {integrity: sha512-dcyqhDvX1C46lXZcVqCpK+FtMRQVdIMN6/Df5js2zouUsqG7I6sFxitIC+7KYK29KdXOLHdu9zL4sFnoVQnqaA==}

  meriyah@6.0.1:
    resolution: {integrity: sha512-OyvYIOgpzXREySYJ1cqEb2pOKdeQMTfF9M8dRU6nC4hi/GXMmNpe9ssZCrSoTHazu05BSAoRBN/uYeco+ymfOg==}
    engines: {node: '>=18.0.0'}

  microdiff@1.5.0:
    resolution: {integrity: sha512-Drq+/THMvDdzRYrK0oxJmOKiC24ayUV8ahrt8l3oRK51PWt6gdtrIGrlIH3pT/lFh1z93FbAcidtsHcWbnRz8Q==}

  nanotar@0.1.1:
    resolution: {integrity: sha512-AiJsGsSF3O0havL1BydvI4+wR76sKT+okKRwWIaK96cZUnXqH0uNBOsHlbwZq3+m2BR1VKqHDVudl3gO4mYjpQ==}

  process@0.11.10:
    resolution: {integrity: sha512-cdGef/drWFoydD1JsMzuFf8100nZl+GT+yacc2bEced5f9Rjk4z+WtFUTBu9PhOi9j/jfmBPu0mMEY4wIdAF8A==}
    engines: {node: '>= 0.6.0'}

  readable-stream@4.5.2:
    resolution: {integrity: sha512-yjavECdqeZ3GLXNgRXgeQEdz9fvDDkNKyHnbHRFtOr7/LcfgBcmct7t/ET+HaCTqfh06OzoAxrkN/IfjJBVe+g==}
    engines: {node: ^12.22.0 || ^14.17.0 || >=16.0.0}

  safe-buffer@5.2.1:
    resolution: {integrity: sha512-rp3So07KcdmmKbGvgaNxQSJr7bGVSVk5S9Eq1F+ppbRo70+YeaDxkw5Dd8NPN+GD6bjnYm2VuPuCXmpuYvmCXQ==}

  standalone-electron-types@1.0.0:
    resolution: {integrity: sha512-0HOi/tlTz3mjWhsAz4uRbpQcHMZ+ifj1JzWW9nugykOHClBBG77ps8QinrzX1eow4Iw2pnC+RFaSYRgufF4BOg==}

  string_decoder@1.3.0:
    resolution: {integrity: sha512-hkRX8U1WjJFd8LsDJ2yQ/wWWxaopEsABU1XfkM8A+j0+85JAGppt16cr1Whg6KIbb4okU6Mql6BOj+uup/wKeA==}

  typescript@5.8.2:
    resolution: {integrity: sha512-aJn6wq13/afZp/jT9QZmwEjDqqvSGp1VT5GVg+f/t6/oVyrgXM6BY1h9BRh/O5p3PlUPAe+WuiEZOmb/49RqoQ==}
    engines: {node: '>=14.17'}
    hasBin: true

  undici-types@6.20.0:
    resolution: {integrity: sha512-Ny6QZ2Nju20vw1SRHe3d9jVu6gJ+4e3+MMpqu7pqE5HT6WsTSlce++GQmK5UXS8mzV8DSYHrQH+Xrf2jVcuKNg==}

  undici-types@6.21.0:
    resolution: {integrity: sha512-iwDZqg0QAGrg9Rav5H4n0M64c3mkR59cJ6wQp+7C4nI0gsmExaedaYLNO44eT4AtBBwjbTiGPMlt2Md0T9H9JQ==}

  utilium@1.10.1:
    resolution: {integrity: sha512-GQINDTb/ocyz4acQj3GXAe0wipYxws6L+9ouqaq10KlInTk9DGvW9TJd0pYa/Xu3cppNnZuB4T/sBuSXpcN2ng==}

  zustand@5.0.10:
    resolution: {integrity: sha512-U1AiltS1O9hSy3rul+Ub82ut2fqIAefiSuwECWt6jlMVUGejvf+5omLcRBSzqbRagSM3hQZbtzdeRc6QVScXTg==}
    engines: {node: '>=12.20.0'}
    peerDependencies:
      '@types/react': '>=18.0.0'
      immer: '>=9.0.6'
      react: '>=18.0.0'
      use-sync-external-store: '>=1.2.0'
    peerDependenciesMeta:
      '@types/react':
        optional: true
      immer:
        optional: true
      react:
        optional: true
      use-sync-external-store:
        optional: true

snapshots:

  '@biomejs/biome@2.3.14':
    optionalDependencies:
      '@biomejs/cli-darwin-arm64': 2.3.14
      '@biomejs/cli-darwin-x64': 2.3.14
      '@biomejs/cli-linux-arm64': 2.3.14
      '@biomejs/cli-linux-arm64-musl': 2.3.14
      '@biomejs/cli-linux-x64': 2.3.14
      '@biomejs/cli-linux-x64-musl': 2.3.14
      '@biomejs/cli-win32-arm64': 2.3.14
      '@biomejs/cli-win32-x64': 2.3.14

  '@biomejs/cli-darwin-arm64@2.3.14':
    optional: true

  '@biomejs/cli-darwin-x64@2.3.14':
    optional: true

  '@biomejs/cli-linux-arm64-musl@2.3.14':
    optional: true

  '@biomejs/cli-linux-arm64@2.3.14':
    optional: true

  '@biomejs/cli-linux-x64-musl@2.3.14':
    optional: true

  '@biomejs/cli-linux-x64@2.3.14':
    optional: true

  '@biomejs/cli-win32-arm64@2.3.14':
    optional: true

  '@biomejs/cli-win32-x64@2.3.14':
    optional: true

  '@esbuild/android-arm64@0.19.3':
    optional: true

  '@esbuild/android-arm@0.19.3':
    optional: true

  '@esbuild/android-x64@0.19.3':
    optional: true

  '@esbuild/darwin-arm64@0.19.3':
    optional: true

  '@esbuild/darwin-x64@0.19.3':
    optional: true

  '@esbuild/freebsd-arm64@0.19.3':
    optional: true

  '@esbuild/freebsd-x64@0.19.3':
    optional: true

  '@esbuild/linux-arm64@0.19.3':
    optional: true

  '@esbuild/linux-arm@0.19.3':
    optional: true

  '@esbuild/linux-ia32@0.19.3':
    optional: true

  '@esbuild/linux-loong64@0.19.3':
    optional: true

  '@esbuild/linux-mips64el@0.19.3':
    optional: true

  '@esbuild/linux-ppc64@0.19.3':
    optional: true

  '@esbuild/linux-riscv64@0.19.3':
    optional: true

  '@esbuild/linux-s390x@0.19.3':
    optional: true

  '@esbuild/linux-x64@0.19.3':
    optional: true

  '@esbuild/netbsd-x64@0.19.3':
    optional: true

  '@esbuild/openbsd-x64@0.19.3':
    optional: true

  '@esbuild/sunos-x64@0.19.3':
    optional: true

  '@esbuild/win32-arm64@0.19.3':
    optional: true

  '@esbuild/win32-ia32@0.19.3':
    optional: true

  '@esbuild/win32-x64@0.19.3':
    optional: true

  '@moonlight-mod/lunast@1.0.1':
    dependencies:
      astring: 1.9.0
      estree-toolkit: 1.7.8
      meriyah: 6.0.1

  '@moonlight-mod/moonmap@1.0.7': {}

  '@types/chroma-js@3.1.2': {}

  '@types/chrome@0.0.313':
    dependencies:
      '@types/filesystem': 0.0.36
      '@types/har-format': 1.2.16

  '@types/estree-jsx@1.0.5':
    dependencies:
      '@types/estree': 1.0.7

  '@types/estree@1.0.7': {}

  '@types/fbemitter@2.0.35': {}

  '@types/filesystem@0.0.36':
    dependencies:
      '@types/filewriter': 0.0.33

  '@types/filewriter@0.0.33': {}

  '@types/flux@3.1.15':
    dependencies:
      '@types/fbemitter': 2.0.35
      '@types/react': 19.1.2

  '@types/har-format@1.2.16': {}

  '@types/highlightjs@9.12.6': {}

  '@types/lodash@4.17.23': {}

  '@types/node@18.17.17': {}

  '@types/node@22.13.6':
    dependencies:
      undici-types: 6.20.0

  '@types/node@22.14.0':
    dependencies:
      undici-types: 6.21.0

  '@types/platform@1.3.6': {}

  '@types/react@19.1.2':
    dependencies:
      csstype: 3.1.3

  '@xterm/xterm@5.5.0':
    optional: true

  '@zenfs/core@2.0.0':
    dependencies:
      '@types/node': 22.13.6
      buffer: 6.0.3
      eventemitter3: 5.0.1
      readable-stream: 4.5.2
      utilium: 1.10.1

  '@zenfs/dom@1.1.6(@zenfs/core@2.0.0)(utilium@1.10.1)':
    dependencies:
      '@zenfs/core': 2.0.0
      utilium: 1.10.1

  abort-controller@3.0.0:
    dependencies:
      event-target-shim: 5.0.1

  astring@1.9.0: {}

  base64-js@1.5.1: {}

  buffer@6.0.3:
    dependencies:
      base64-js: 1.5.1
      ieee754: 1.2.1

  csstype@3.1.3: {}

  esbuild@0.19.3:
    optionalDependencies:
      '@esbuild/android-arm': 0.19.3
      '@esbuild/android-arm64': 0.19.3
      '@esbuild/android-x64': 0.19.3
      '@esbuild/darwin-arm64': 0.19.3
      '@esbuild/darwin-x64': 0.19.3
      '@esbuild/freebsd-arm64': 0.19.3
      '@esbuild/freebsd-x64': 0.19.3
      '@esbuild/linux-arm': 0.19.3
      '@esbuild/linux-arm64': 0.19.3
      '@esbuild/linux-ia32': 0.19.3
      '@esbuild/linux-loong64': 0.19.3
      '@esbuild/linux-mips64el': 0.19.3
      '@esbuild/linux-ppc64': 0.19.3
      '@esbuild/linux-riscv64': 0.19.3
      '@esbuild/linux-s390x': 0.19.3
      '@esbuild/linux-x64': 0.19.3
      '@esbuild/netbsd-x64': 0.19.3
      '@esbuild/openbsd-x64': 0.19.3
      '@esbuild/sunos-x64': 0.19.3
      '@esbuild/win32-arm64': 0.19.3
      '@esbuild/win32-ia32': 0.19.3
      '@esbuild/win32-x64': 0.19.3

  estree-toolkit@1.7.8:
    dependencies:
      '@types/estree': 1.0.7
      '@types/estree-jsx': 1.0.5

  event-target-shim@5.0.1: {}

  eventemitter3@5.0.1: {}

  events@3.3.0: {}

  husky@8.0.3: {}

  ieee754@1.2.1: {}

  meriyah@6.0.1: {}

  microdiff@1.5.0: {}

  nanotar@0.1.1: {}

  process@0.11.10: {}

  readable-stream@4.5.2:
    dependencies:
      abort-controller: 3.0.0
      buffer: 6.0.3
      events: 3.3.0
      process: 0.11.10
      string_decoder: 1.3.0

  safe-buffer@5.2.1: {}

  standalone-electron-types@1.0.0:
    dependencies:
      '@types/node': 18.17.17

  string_decoder@1.3.0:
    dependencies:
      safe-buffer: 5.2.1

  typescript@5.8.2: {}

  undici-types@6.20.0: {}

  undici-types@6.21.0: {}

  utilium@1.10.1:
    dependencies:
      eventemitter3: 5.0.1
    optionalDependencies:
      '@xterm/xterm': 5.5.0

  zustand@5.0.10(@types/react@19.1.2):
    optionalDependencies:
      '@types/react': 19.1.2
